
Microsoft Visual Studio Solution File, Format Version 12.00
# Visual Studio 15
VisualStudioVersion = 15.0.28307.421
MinimumVisualStudioVersion = 10.0.40219.1
Project("{9A19103F-16F7-4668-BE54-9A1E7A4F7556}") = "EFAPI", "EFAPI\EFAPI.csproj", "{618644D3-D733-4ADC-8AF7-06439FA63F62}"
EndProject
Project("{9A19103F-16F7-4668-BE54-9A1E7A4F7556}") = "CoreMiddleware", "CoreMiddleware\CoreMiddleware.csproj", "{BE8BE125-C0D5-4262-B812-E68D33D3F631}"
EndProject
Project("{9A19103F-16F7-4668-BE54-9A1E7A4F7556}") = "EnvironmentSample1", "EnvironmentSample1\EnvironmentSample1.csproj", "{8AEA41A5-4EC9-4EF0-AAAA-A5D82DF2D908}"
EndProject
Project("{9A19103F-16F7-4668-BE54-9A1E7A4F7556}") = "LoggingSamples1", "LoggingSamples1\LoggingSamples1.csproj", "{30CC0158-8ABA-4F16-BEAB-8BFB51B21170}"
EndProject
Project("{9A19103F-16F7-4668-BE54-9A1E7A4F7556}") = "MiddlewareTest1", "MiddlewareTest1\MiddlewareTest1.csproj", "{CE9B2D3E-E557-4C73-A3A9-85C339596EBF}"
EndProject
Project("{9A19103F-16F7-4668-BE54-9A1E7A4F7556}") = "CoreLogging", "CoreLogging\CoreLogging.csproj", "{A528B312-C570-47BD-B028-62F27E16FF55}"
EndProject
Project("{9A19103F-16F7-4668-BE54-9A1E7A4F7556}") = "FileProviderSample", "FileProviderSample\FileProviderSample.csproj", "{5DDD8B0A-3E78-4176-96B3-A8B80BB1D8AC}"
EndProject
Project("{9A19103F-16F7-4668-BE54-9A1E7A4F7556}") = "WebHostSample", "WebHostSample\WebHostSample.csproj", "{262C62B9-F8CF-4768-B866-90468AED87CA}"
EndProject
Project("{9A19103F-16F7-4668-BE54-9A1E7A4F7556}") = "StateSample", "StateSample\StateSample.csproj", "{E6952F22-6E33-49EF-A327-E908CAA976E4}"
EndProject
Project("{9A19103F-16F7-4668-BE54-9A1E7A4F7556}") = "RequestAPISample", "RequestAPISample\RequestAPISample.csproj", "{86BF213E-9ADC-4CDC-BA1F-14171BBE94E4}"
EndProject
Project("{2150E333-8FDC-42A3-9474-1A3956D46DE8}") = "SignalRSamples", "SignalRSamples", "{AD27AC8F-41B7-4B38-8CF8-20EB38BCF310}"
EndProject
Project("{9A19103F-16F7-4668-BE54-9A1E7A4F7556}") = "WebSocketSample", "WebSocketSample\WebSocketSample.csproj", "{51436148-121F-4453-B10D-B1F27141BDD7}"
EndProject
Project("{9A19103F-16F7-4668-BE54-9A1E7A4F7556}") = "SignalRChatRoomSample", "SignalRChatRoomSample\SignalRChatRoomSample.csproj", "{3FC3D318-2702-4BB9-8C1E-5B4A3FBAC530}"
EndProject
Project("{FAE04EC0-301F-11D3-BF4B-00C04F79EFBC}") = "CorsClientSample", "CorsClientSample\CorsClientSample.csproj", "{98197251-ED80-4122-834E-1F112ABFF1E6}"
EndProject
Global
	GlobalSection(SolutionConfigurationPlatforms) = preSolution
		Debug|Any CPU = Debug|Any CPU
		Release|Any CPU = Release|Any CPU
	EndGlobalSection
	GlobalSection(ProjectConfigurationPlatforms) = postSolution
		{618644D3-D733-4ADC-8AF7-06439FA63F62}.Debug|Any CPU.ActiveCfg = Debug|Any CPU
		{618644D3-D733-4ADC-8AF7-06439FA63F62}.Debug|Any CPU.Build.0 = Debug|Any CPU
		{618644D3-D733-4ADC-8AF7-06439FA63F62}.Release|Any CPU.ActiveCfg = Release|Any CPU
		{618644D3-D733-4ADC-8AF7-06439FA63F62}.Release|Any CPU.Build.0 = Release|Any CPU
		{BE8BE125-C0D5-4262-B812-E68D33D3F631}.Debug|Any CPU.ActiveCfg = Debug|Any CPU
		{BE8BE125-C0D5-4262-B812-E68D33D3F631}.Debug|Any CPU.Build.0 = Debug|Any CPU
		{BE8BE125-C0D5-4262-B812-E68D33D3F631}.Release|Any CPU.ActiveCfg = Release|Any CPU
		{BE8BE125-C0D5-4262-B812-E68D33D3F631}.Release|Any CPU.Build.0 = Release|Any CPU
		{8AEA41A5-4EC9-4EF0-AAAA-A5D82DF2D908}.Debug|Any CPU.ActiveCfg = Debug|Any CPU
		{8AEA41A5-4EC9-4EF0-AAAA-A5D82DF2D908}.Debug|Any CPU.Build.0 = Debug|Any CPU
		{8AEA41A5-4EC9-4EF0-AAAA-A5D82DF2D908}.Release|Any CPU.ActiveCfg = Release|Any CPU
		{8AEA41A5-4EC9-4EF0-AAAA-A5D82DF2D908}.Release|Any CPU.Build.0 = Release|Any CPU
		{30CC0158-8ABA-4F16-BEAB-8BFB51B21170}.Debug|Any CPU.ActiveCfg = Debug|Any CPU
		{30CC0158-8ABA-4F16-BEAB-8BFB51B21170}.Debug|Any CPU.Build.0 = Debug|Any CPU
		{30CC0158-8ABA-4F16-BEAB-8BFB51B21170}.Release|Any CPU.ActiveCfg = Release|Any CPU
		{30CC0158-8ABA-4F16-BEAB-8BFB51B21170}.Release|Any CPU.Build.0 = Release|Any CPU
		{CE9B2D3E-E557-4C73-A3A9-85C339596EBF}.Debug|Any CPU.ActiveCfg = Debug|Any CPU
		{CE9B2D3E-E557-4C73-A3A9-85C339596EBF}.Debug|Any CPU.Build.0 = Debug|Any CPU
		{CE9B2D3E-E557-4C73-A3A9-85C339596EBF}.Release|Any CPU.ActiveCfg = Release|Any CPU
		{CE9B2D3E-E557-4C73-A3A9-85C339596EBF}.Release|Any CPU.Build.0 = Release|Any CPU
		{A528B312-C570-47BD-B028-62F27E16FF55}.Debug|Any CPU.ActiveCfg = Debug|Any CPU
		{A528B312-C570-47BD-B028-62F27E16FF55}.Debug|Any CPU.Build.0 = Debug|Any CPU
		{A528B312-C570-47BD-B028-62F27E16FF55}.Release|Any CPU.ActiveCfg = Release|Any CPU
		{A528B312-C570-47BD-B028-62F27E16FF55}.Release|Any CPU.Build.0 = Release|Any CPU
		{5DDD8B0A-3E78-4176-96B3-A8B80BB1D8AC}.Debug|Any CPU.ActiveCfg = Debug|Any CPU
		{5DDD8B0A-3E78-4176-96B3-A8B80BB1D8AC}.Debug|Any CPU.Build.0 = Debug|Any CPU
		{5DDD8B0A-3E78-4176-96B3-A8B80BB1D8AC}.Release|Any CPU.ActiveCfg = Release|Any CPU
		{5DDD8B0A-3E78-4176-96B3-A8B80BB1D8AC}.Release|Any CPU.Build.0 = Release|Any CPU
		{262C62B9-F8CF-4768-B866-90468AED87CA}.Debug|Any CPU.ActiveCfg = Debug|Any CPU
		{262C62B9-F8CF-4768-B866-90468AED87CA}.Debug|Any CPU.Build.0 = Debug|Any CPU
		{262C62B9-F8CF-4768-B866-90468AED87CA}.Release|Any CPU.ActiveCfg = Release|Any CPU
		{262C62B9-F8CF-4768-B866-90468AED87CA}.Release|Any CPU.Build.0 = Release|Any CPU
		{E6952F22-6E33-49EF-A327-E908CAA976E4}.Debug|Any CPU.ActiveCfg = Debug|Any CPU
		{E6952F22-6E33-49EF-A327-E908CAA976E4}.Debug|Any CPU.Build.0 = Debug|Any CPU
		{E6952F22-6E33-49EF-A327-E908CAA976E4}.Release|Any CPU.ActiveCfg = Release|Any CPU
		{E6952F22-6E33-49EF-A327-E908CAA976E4}.Release|Any CPU.Build.0 = Release|Any CPU
		{86BF213E-9ADC-4CDC-BA1F-14171BBE94E4}.Debug|Any CPU.ActiveCfg = Debug|Any CPU
		{86BF213E-9ADC-4CDC-BA1F-14171BBE94E4}.Debug|Any CPU.Build.0 = Debug|Any CPU
		{86BF213E-9ADC-4CDC-BA1F-14171BBE94E4}.Release|Any CPU.ActiveCfg = Release|Any CPU
		{86BF213E-9ADC-4CDC-BA1F-14171BBE94E4}.Release|Any CPU.Build.0 = Release|Any CPU
		{51436148-121F-4453-B10D-B1F27141BDD7}.Debug|Any CPU.ActiveCfg = Debug|Any CPU
		{51436148-121F-4453-B10D-B1F27141BDD7}.Debug|Any CPU.Build.0 = Debug|Any CPU
		{51436148-121F-4453-B10D-B1F27141BDD7}.Release|Any CPU.ActiveCfg = Release|Any CPU
		{51436148-121F-4453-B10D-B1F27141BDD7}.Release|Any CPU.Build.0 = Release|Any CPU
		{3FC3D318-2702-4BB9-8C1E-5B4A3FBAC530}.Debug|Any CPU.ActiveCfg = Debug|Any CPU
		{3FC3D318-2702-4BB9-8C1E-5B4A3FBAC530}.Debug|Any CPU.Build.0 = Debug|Any CPU
		{3FC3D318-2702-4BB9-8C1E-5B4A3FBAC530}.Release|Any CPU.ActiveCfg = Release|Any CPU
		{3FC3D318-2702-4BB9-8C1E-5B4A3FBAC530}.Release|Any CPU.Build.0 = Release|Any CPU
		{98197251-ED80-4122-834E-1F112ABFF1E6}.Debug|Any CPU.ActiveCfg = Debug|Any CPU
		{98197251-ED80-4122-834E-1F112ABFF1E6}.Debug|Any CPU.Build.0 = Debug|Any CPU
		{98197251-ED80-4122-834E-1F112ABFF1E6}.Release|Any CPU.ActiveCfg = Release|Any CPU
		{98197251-ED80-4122-834E-1F112ABFF1E6}.Release|Any CPU.Build.0 = Release|Any CPU
	EndGlobalSection
	GlobalSection(SolutionProperties) = preSolution
		HideSolutionNode = FALSE
	EndGlobalSection
	GlobalSection(NestedProjects) = preSolution
		{51436148-121F-4453-B10D-B1F27141BDD7} = {AD27AC8F-41B7-4B38-8CF8-20EB38BCF310}
		{3FC3D318-2702-4BB9-8C1E-5B4A3FBAC530} = {AD27AC8F-41B7-4B38-8CF8-20EB38BCF310}
		{98197251-ED80-4122-834E-1F112ABFF1E6} = {AD27AC8F-41B7-4B38-8CF8-20EB38BCF310}
	EndGlobalSection
	GlobalSection(ExtensibilityGlobals) = postSolution
		SolutionGuid = {2C6261AB-338D-43D7-A796-615168E0D4A4}
	EndGlobalSection
EndGlobal
