
Microsoft Visual Studio Solution File, Format Version 12.00
# Visual Studio 15
VisualStudioVersion = 15.0.28307.421
MinimumVisualStudioVersion = 10.0.40219.1
Project("{9A19103F-16F7-4668-BE54-9A1E7A4F7556}") = "CoreFramework.Core", "CoreFramework.Core\CoreFramework.Core.csproj", "{4CB5379C-6979-4D11-9A23-A4BC3A30709F}"
EndProject
Project("{9A19103F-16F7-4668-BE54-9A1E7A4F7556}") = "CoreFramework.Data", "CoreFramework.Data\CoreFramework.Data.csproj", "{8ADC152F-24E1-4292-966A-83E1046E82C5}"
EndProject
Project("{9A19103F-16F7-4668-BE54-9A1E7A4F7556}") = "CoreFramework.Service", "CoreFramework.Service\CoreFramework.Service.csproj", "{302027EC-0D7C-40D6-857F-1897AE338798}"
EndProject
Project("{9A19103F-16F7-4668-BE54-9A1E7A4F7556}") = "CoreFramework.Web.Core", "CoreFramework.Web.Core\CoreFramework.Web.Core.csproj", "{DE42D640-2C16-4159-8333-B91810752559}"
EndProject
Project("{9A19103F-16F7-4668-BE54-9A1E7A4F7556}") = "CoreFramework.API", "CoreFramework.API\CoreFramework.API.csproj", "{9791CE54-0726-4159-AE5B-9634C5148970}"
EndProject
Project("{9A19103F-16F7-4668-BE54-9A1E7A4F7556}") = "CoreFramework.Model", "CoreFramework.Model\CoreFramework.Model.csproj", "{EC898E88-F16B-4552-B71A-FC8E9B3CF24A}"
EndProject
Project("{9A19103F-16F7-4668-BE54-9A1E7A4F7556}") = "CoreFramework.Test", "CoreFramework.Test\CoreFramework.Test.csproj", "{CF518604-4912-48A7-9E0D-E2AA61EB842A}"
EndProject
Project("{9A19103F-16F7-4668-BE54-9A1E7A4F7556}") = "CoreFramework.Web", "CoreFramework.Web\CoreFramework.Web.csproj", "{FA989933-0ECC-4D62-9D4B-452BC2E58746}"
EndProject
Project("{2150E333-8FDC-42A3-9474-1A3956D46DE8}") = "Others", "Others", "{32E154B6-ED36-4838-ADA4-AF17E74B572F}"
EndProject
Project("{9A19103F-16F7-4668-BE54-9A1E7A4F7556}") = "EFAPI", "EFAPI\EFAPI.csproj", "{618644D3-D733-4ADC-8AF7-06439FA63F62}"
EndProject
Project("{9A19103F-16F7-4668-BE54-9A1E7A4F7556}") = "CoreMiddleware", "CoreMiddleware\CoreMiddleware.csproj", "{BE8BE125-C0D5-4262-B812-E68D33D3F631}"
EndProject
Project("{9A19103F-16F7-4668-BE54-9A1E7A4F7556}") = "EnvironmentSample1", "EnvironmentSample1\EnvironmentSample1.csproj", "{8AEA41A5-4EC9-4EF0-AAAA-A5D82DF2D908}"
EndProject
Project("{9A19103F-16F7-4668-BE54-9A1E7A4F7556}") = "LoggingSamples1", "LoggingSamples1\LoggingSamples1.csproj", "{30CC0158-8ABA-4F16-BEAB-8BFB51B21170}"
EndProject
Project("{9A19103F-16F7-4668-BE54-9A1E7A4F7556}") = "MiddlewareTest1", "MiddlewareTest1\MiddlewareTest1.csproj", "{CE9B2D3E-E557-4C73-A3A9-85C339596EBF}"
EndProject
Project("{9A19103F-16F7-4668-BE54-9A1E7A4F7556}") = "CoreLogging", "CoreLogging\CoreLogging.csproj", "{A528B312-C570-47BD-B028-62F27E16FF55}"
EndProject
Project("{9A19103F-16F7-4668-BE54-9A1E7A4F7556}") = "FileProviderSample", "FileProviderSample\FileProviderSample.csproj", "{5DDD8B0A-3E78-4176-96B3-A8B80BB1D8AC}"
EndProject
Project("{9A19103F-16F7-4668-BE54-9A1E7A4F7556}") = "WebHostSample", "WebHostSample\WebHostSample.csproj", "{262C62B9-F8CF-4768-B866-90468AED87CA}"
EndProject
Project("{9A19103F-16F7-4668-BE54-9A1E7A4F7556}") = "StateSample", "StateSample\StateSample.csproj", "{E6952F22-6E33-49EF-A327-E908CAA976E4}"
EndProject
Project("{FAE04EC0-301F-11D3-BF4B-00C04F79EFBC}") = "RequestAPISample", "RequestAPISample\RequestAPISample.csproj", "{86BF213E-9ADC-4CDC-BA1F-14171BBE94E4}"
EndProject
Global
	GlobalSection(SolutionConfigurationPlatforms) = preSolution
		Debug|Any CPU = Debug|Any CPU
		Release|Any CPU = Release|Any CPU
	EndGlobalSection
	GlobalSection(ProjectConfigurationPlatforms) = postSolution
		{4CB5379C-6979-4D11-9A23-A4BC3A30709F}.Debug|Any CPU.ActiveCfg = Debug|Any CPU
		{4CB5379C-6979-4D11-9A23-A4BC3A30709F}.Debug|Any CPU.Build.0 = Debug|Any CPU
		{4CB5379C-6979-4D11-9A23-A4BC3A30709F}.Release|Any CPU.ActiveCfg = Release|Any CPU
		{4CB5379C-6979-4D11-9A23-A4BC3A30709F}.Release|Any CPU.Build.0 = Release|Any CPU
		{8ADC152F-24E1-4292-966A-83E1046E82C5}.Debug|Any CPU.ActiveCfg = Debug|Any CPU
		{8ADC152F-24E1-4292-966A-83E1046E82C5}.Debug|Any CPU.Build.0 = Debug|Any CPU
		{8ADC152F-24E1-4292-966A-83E1046E82C5}.Release|Any CPU.ActiveCfg = Release|Any CPU
		{8ADC152F-24E1-4292-966A-83E1046E82C5}.Release|Any CPU.Build.0 = Release|Any CPU
		{302027EC-0D7C-40D6-857F-1897AE338798}.Debug|Any CPU.ActiveCfg = Debug|Any CPU
		{302027EC-0D7C-40D6-857F-1897AE338798}.Debug|Any CPU.Build.0 = Debug|Any CPU
		{302027EC-0D7C-40D6-857F-1897AE338798}.Release|Any CPU.ActiveCfg = Release|Any CPU
		{302027EC-0D7C-40D6-857F-1897AE338798}.Release|Any CPU.Build.0 = Release|Any CPU
		{DE42D640-2C16-4159-8333-B91810752559}.Debug|Any CPU.ActiveCfg = Debug|Any CPU
		{DE42D640-2C16-4159-8333-B91810752559}.Debug|Any CPU.Build.0 = Debug|Any CPU
		{DE42D640-2C16-4159-8333-B91810752559}.Release|Any CPU.ActiveCfg = Release|Any CPU
		{DE42D640-2C16-4159-8333-B91810752559}.Release|Any CPU.Build.0 = Release|Any CPU
		{9791CE54-0726-4159-AE5B-9634C5148970}.Debug|Any CPU.ActiveCfg = Debug|Any CPU
		{9791CE54-0726-4159-AE5B-9634C5148970}.Debug|Any CPU.Build.0 = Debug|Any CPU
		{9791CE54-0726-4159-AE5B-9634C5148970}.Release|Any CPU.ActiveCfg = Release|Any CPU
		{9791CE54-0726-4159-AE5B-9634C5148970}.Release|Any CPU.Build.0 = Release|Any CPU
		{EC898E88-F16B-4552-B71A-FC8E9B3CF24A}.Debug|Any CPU.ActiveCfg = Debug|Any CPU
		{EC898E88-F16B-4552-B71A-FC8E9B3CF24A}.Debug|Any CPU.Build.0 = Debug|Any CPU
		{EC898E88-F16B-4552-B71A-FC8E9B3CF24A}.Release|Any CPU.ActiveCfg = Release|Any CPU
		{EC898E88-F16B-4552-B71A-FC8E9B3CF24A}.Release|Any CPU.Build.0 = Release|Any CPU
		{CF518604-4912-48A7-9E0D-E2AA61EB842A}.Debug|Any CPU.ActiveCfg = Debug|Any CPU
		{CF518604-4912-48A7-9E0D-E2AA61EB842A}.Debug|Any CPU.Build.0 = Debug|Any CPU
		{CF518604-4912-48A7-9E0D-E2AA61EB842A}.Release|Any CPU.ActiveCfg = Release|Any CPU
		{CF518604-4912-48A7-9E0D-E2AA61EB842A}.Release|Any CPU.Build.0 = Release|Any CPU
		{FA989933-0ECC-4D62-9D4B-452BC2E58746}.Debug|Any CPU.ActiveCfg = Debug|Any CPU
		{FA989933-0ECC-4D62-9D4B-452BC2E58746}.Debug|Any CPU.Build.0 = Debug|Any CPU
		{FA989933-0ECC-4D62-9D4B-452BC2E58746}.Release|Any CPU.ActiveCfg = Release|Any CPU
		{FA989933-0ECC-4D62-9D4B-452BC2E58746}.Release|Any CPU.Build.0 = Release|Any CPU
		{618644D3-D733-4ADC-8AF7-06439FA63F62}.Debug|Any CPU.ActiveCfg = Debug|Any CPU
		{618644D3-D733-4ADC-8AF7-06439FA63F62}.Debug|Any CPU.Build.0 = Debug|Any CPU
		{618644D3-D733-4ADC-8AF7-06439FA63F62}.Release|Any CPU.ActiveCfg = Release|Any CPU
		{618644D3-D733-4ADC-8AF7-06439FA63F62}.Release|Any CPU.Build.0 = Release|Any CPU
		{BE8BE125-C0D5-4262-B812-E68D33D3F631}.Debug|Any CPU.ActiveCfg = Debug|Any CPU
		{BE8BE125-C0D5-4262-B812-E68D33D3F631}.Debug|Any CPU.Build.0 = Debug|Any CPU
		{BE8BE125-C0D5-4262-B812-E68D33D3F631}.Release|Any CPU.ActiveCfg = Release|Any CPU
		{BE8BE125-C0D5-4262-B812-E68D33D3F631}.Release|Any CPU.Build.0 = Release|Any CPU
		{8AEA41A5-4EC9-4EF0-AAAA-A5D82DF2D908}.Debug|Any CPU.ActiveCfg = Debug|Any CPU
		{8AEA41A5-4EC9-4EF0-AAAA-A5D82DF2D908}.Debug|Any CPU.Build.0 = Debug|Any CPU
		{8AEA41A5-4EC9-4EF0-AAAA-A5D82DF2D908}.Release|Any CPU.ActiveCfg = Release|Any CPU
		{8AEA41A5-4EC9-4EF0-AAAA-A5D82DF2D908}.Release|Any CPU.Build.0 = Release|Any CPU
		{30CC0158-8ABA-4F16-BEAB-8BFB51B21170}.Debug|Any CPU.ActiveCfg = Debug|Any CPU
		{30CC0158-8ABA-4F16-BEAB-8BFB51B21170}.Debug|Any CPU.Build.0 = Debug|Any CPU
		{30CC0158-8ABA-4F16-BEAB-8BFB51B21170}.Release|Any CPU.ActiveCfg = Release|Any CPU
		{30CC0158-8ABA-4F16-BEAB-8BFB51B21170}.Release|Any CPU.Build.0 = Release|Any CPU
		{CE9B2D3E-E557-4C73-A3A9-85C339596EBF}.Debug|Any CPU.ActiveCfg = Debug|Any CPU
		{CE9B2D3E-E557-4C73-A3A9-85C339596EBF}.Debug|Any CPU.Build.0 = Debug|Any CPU
		{CE9B2D3E-E557-4C73-A3A9-85C339596EBF}.Release|Any CPU.ActiveCfg = Release|Any CPU
		{CE9B2D3E-E557-4C73-A3A9-85C339596EBF}.Release|Any CPU.Build.0 = Release|Any CPU
		{A528B312-C570-47BD-B028-62F27E16FF55}.Debug|Any CPU.ActiveCfg = Debug|Any CPU
		{A528B312-C570-47BD-B028-62F27E16FF55}.Debug|Any CPU.Build.0 = Debug|Any CPU
		{A528B312-C570-47BD-B028-62F27E16FF55}.Release|Any CPU.ActiveCfg = Release|Any CPU
		{A528B312-C570-47BD-B028-62F27E16FF55}.Release|Any CPU.Build.0 = Release|Any CPU
		{5DDD8B0A-3E78-4176-96B3-A8B80BB1D8AC}.Debug|Any CPU.ActiveCfg = Debug|Any CPU
		{5DDD8B0A-3E78-4176-96B3-A8B80BB1D8AC}.Debug|Any CPU.Build.0 = Debug|Any CPU
		{5DDD8B0A-3E78-4176-96B3-A8B80BB1D8AC}.Release|Any CPU.ActiveCfg = Release|Any CPU
		{5DDD8B0A-3E78-4176-96B3-A8B80BB1D8AC}.Release|Any CPU.Build.0 = Release|Any CPU
		{262C62B9-F8CF-4768-B866-90468AED87CA}.Debug|Any CPU.ActiveCfg = Debug|Any CPU
		{262C62B9-F8CF-4768-B866-90468AED87CA}.Debug|Any CPU.Build.0 = Debug|Any CPU
		{262C62B9-F8CF-4768-B866-90468AED87CA}.Release|Any CPU.ActiveCfg = Release|Any CPU
		{262C62B9-F8CF-4768-B866-90468AED87CA}.Release|Any CPU.Build.0 = Release|Any CPU
		{E6952F22-6E33-49EF-A327-E908CAA976E4}.Debug|Any CPU.ActiveCfg = Debug|Any CPU
		{E6952F22-6E33-49EF-A327-E908CAA976E4}.Debug|Any CPU.Build.0 = Debug|Any CPU
		{E6952F22-6E33-49EF-A327-E908CAA976E4}.Release|Any CPU.ActiveCfg = Release|Any CPU
		{E6952F22-6E33-49EF-A327-E908CAA976E4}.Release|Any CPU.Build.0 = Release|Any CPU
		{86BF213E-9ADC-4CDC-BA1F-14171BBE94E4}.Debug|Any CPU.ActiveCfg = Debug|Any CPU
		{86BF213E-9ADC-4CDC-BA1F-14171BBE94E4}.Debug|Any CPU.Build.0 = Debug|Any CPU
		{86BF213E-9ADC-4CDC-BA1F-14171BBE94E4}.Release|Any CPU.ActiveCfg = Release|Any CPU
		{86BF213E-9ADC-4CDC-BA1F-14171BBE94E4}.Release|Any CPU.Build.0 = Release|Any CPU
	EndGlobalSection
	GlobalSection(SolutionProperties) = preSolution
		HideSolutionNode = FALSE
	EndGlobalSection
	GlobalSection(NestedProjects) = preSolution
		{618644D3-D733-4ADC-8AF7-06439FA63F62} = {32E154B6-ED36-4838-ADA4-AF17E74B572F}
		{BE8BE125-C0D5-4262-B812-E68D33D3F631} = {32E154B6-ED36-4838-ADA4-AF17E74B572F}
		{8AEA41A5-4EC9-4EF0-AAAA-A5D82DF2D908} = {32E154B6-ED36-4838-ADA4-AF17E74B572F}
		{30CC0158-8ABA-4F16-BEAB-8BFB51B21170} = {32E154B6-ED36-4838-ADA4-AF17E74B572F}
		{CE9B2D3E-E557-4C73-A3A9-85C339596EBF} = {32E154B6-ED36-4838-ADA4-AF17E74B572F}
		{A528B312-C570-47BD-B028-62F27E16FF55} = {32E154B6-ED36-4838-ADA4-AF17E74B572F}
		{5DDD8B0A-3E78-4176-96B3-A8B80BB1D8AC} = {32E154B6-ED36-4838-ADA4-AF17E74B572F}
		{262C62B9-F8CF-4768-B866-90468AED87CA} = {32E154B6-ED36-4838-ADA4-AF17E74B572F}
		{E6952F22-6E33-49EF-A327-E908CAA976E4} = {32E154B6-ED36-4838-ADA4-AF17E74B572F}
		{86BF213E-9ADC-4CDC-BA1F-14171BBE94E4} = {32E154B6-ED36-4838-ADA4-AF17E74B572F}
	EndGlobalSection
	GlobalSection(ExtensibilityGlobals) = postSolution
		SolutionGuid = {2C6261AB-338D-43D7-A796-615168E0D4A4}
	EndGlobalSection
EndGlobal
