
Microsoft Visual Studio Solution File, Format Version 12.00
# Visual Studio Version 16
VisualStudioVersion = 16.0.28729.10
MinimumVisualStudioVersion = 10.0.40219.1
Project("{9A19103F-16F7-4668-BE54-9A1E7A4F7556}") = "EFAPI", "EFAPI\EFAPI.csproj", "{618644D3-D733-4ADC-8AF7-06439FA63F62}"
EndProject
Project("{9A19103F-16F7-4668-BE54-9A1E7A4F7556}") = "CoreMiddleware", "CoreMiddleware\CoreMiddleware.csproj", "{BE8BE125-C0D5-4262-B812-E68D33D3F631}"
EndProject
Project("{9A19103F-16F7-4668-BE54-9A1E7A4F7556}") = "EnvironmentSample1", "EnvironmentSample1\EnvironmentSample1.csproj", "{8AEA41A5-4EC9-4EF0-AAAA-A5D82DF2D908}"
EndProject
Project("{9A19103F-16F7-4668-BE54-9A1E7A4F7556}") = "LoggingSamples1", "LoggingSamples1\LoggingSamples1.csproj", "{30CC0158-8ABA-4F16-BEAB-8BFB51B21170}"
EndProject
Project("{9A19103F-16F7-4668-BE54-9A1E7A4F7556}") = "MiddlewareTest1", "MiddlewareTest1\MiddlewareTest1.csproj", "{CE9B2D3E-E557-4C73-A3A9-85C339596EBF}"
EndProject
Project("{9A19103F-16F7-4668-BE54-9A1E7A4F7556}") = "CoreLogging", "CoreLogging\CoreLogging.csproj", "{A528B312-C570-47BD-B028-62F27E16FF55}"
EndProject
Project("{9A19103F-16F7-4668-BE54-9A1E7A4F7556}") = "FileProviderSample", "FileProviderSample\FileProviderSample.csproj", "{5DDD8B0A-3E78-4176-96B3-A8B80BB1D8AC}"
EndProject
Project("{9A19103F-16F7-4668-BE54-9A1E7A4F7556}") = "WebHostSample", "WebHostSample\WebHostSample.csproj", "{262C62B9-F8CF-4768-B866-90468AED87CA}"
EndProject
Project("{9A19103F-16F7-4668-BE54-9A1E7A4F7556}") = "StateSample", "StateSample\StateSample.csproj", "{E6952F22-6E33-49EF-A327-E908CAA976E4}"
EndProject
Project("{9A19103F-16F7-4668-BE54-9A1E7A4F7556}") = "RequestAPISample", "RequestAPISample\RequestAPISample.csproj", "{86BF213E-9ADC-4CDC-BA1F-14171BBE94E4}"
EndProject
Project("{2150E333-8FDC-42A3-9474-1A3956D46DE8}") = "SignalRSamples", "SignalRSamples", "{AD27AC8F-41B7-4B38-8CF8-20EB38BCF310}"
EndProject
Project("{9A19103F-16F7-4668-BE54-9A1E7A4F7556}") = "WebSocketSample", "WebSocketSample\WebSocketSample.csproj", "{51436148-121F-4453-B10D-B1F27141BDD7}"
EndProject
Project("{9A19103F-16F7-4668-BE54-9A1E7A4F7556}") = "SignalRChatRoomSample", "SignalRChatRoomSample\SignalRChatRoomSample.csproj", "{3FC3D318-2702-4BB9-8C1E-5B4A3FBAC530}"
EndProject
Project("{9A19103F-16F7-4668-BE54-9A1E7A4F7556}") = "CorsClientSample", "CorsClientSample\CorsClientSample.csproj", "{98197251-ED80-4122-834E-1F112ABFF1E6}"
EndProject
Project("{9A19103F-16F7-4668-BE54-9A1E7A4F7556}") = "AuthSignalrChat", "AuthSignalrChat\AuthSignalrChat.csproj", "{65F6DD97-8A8F-4B73-8B35-56F9D3E90197}"
EndProject
Project("{9A19103F-16F7-4668-BE54-9A1E7A4F7556}") = "RazorSample", "RazorSample\RazorSample.csproj", "{624FD460-257F-45CA-AC3A-653E056E2964}"
EndProject
Project("{9A19103F-16F7-4668-BE54-9A1E7A4F7556}") = "ModelBindSample", "ModelBindSample\ModelBindSample.csproj", "{982EC3D4-C568-4BAC-88FA-70C945D889A2}"
EndProject
Project("{9A19103F-16F7-4668-BE54-9A1E7A4F7556}") = "FileUploadSample", "FileUploadSample\FileUploadSample.csproj", "{6802909E-0B81-42B0-A1CB-85BDCC2C73A8}"
EndProject
Project("{9A19103F-16F7-4668-BE54-9A1E7A4F7556}") = "FilterSample", "FilterSample\FilterSample.csproj", "{91CAAD2F-30B6-4A73-B32B-88F46C8500E0}"
EndProject
Project("{9A19103F-16F7-4668-BE54-9A1E7A4F7556}") = "ApplicationPartSample", "ApplicationPartSample\ApplicationPartSample.csproj", "{97B01BAD-B517-4327-AB6F-C30682A4A1C2}"
EndProject
Project("{2150E333-8FDC-42A3-9474-1A3956D46DE8}") = "ApplicationParts", "ApplicationParts", "{1677E3B0-7523-430A-9FF0-2A9FF46889B5}"
EndProject
Project("{9A19103F-16F7-4668-BE54-9A1E7A4F7556}") = "LibrarySample", "LibrarySample\LibrarySample.csproj", "{4AEDC3AB-BF52-457D-A237-18F178370018}"
EndProject
Project("{9A19103F-16F7-4668-BE54-9A1E7A4F7556}") = "WebAPISample", "WebAPISample\WebAPISample.csproj", "{7FC2D43F-77EE-4F05-988F-0F1693FD8DCB}"
EndProject
Project("{2150E333-8FDC-42A3-9474-1A3956D46DE8}") = "WebAPI", "WebAPI", "{C90B5170-7251-4E42-A4B1-708F38B2F8EA}"
EndProject
Project("{2150E333-8FDC-42A3-9474-1A3956D46DE8}") = "Test", "Test", "{152CC3E7-188A-4E31-A418-E865E3E50569}"
EndProject
Project("{9A19103F-16F7-4668-BE54-9A1E7A4F7556}") = "LibraryForTest", "LibraryForTest\LibraryForTest.csproj", "{C6391EE8-275F-4EC3-8D1B-4B1146332E5F}"
EndProject
Project("{9A19103F-16F7-4668-BE54-9A1E7A4F7556}") = "LibraryUseXunit.Test", "LibraryUseXunit.Test\LibraryUseXunit.Test.csproj", "{DDA1E4E0-4371-4900-AA8B-68E305789B06}"
EndProject
Project("{9A19103F-16F7-4668-BE54-9A1E7A4F7556}") = "DockerSampe", "DockerSampe_1\DockerSampe.csproj", "{80BE3A19-1DF9-4C44-A625-69F0B62E09FE}"
EndProject
Project("{2150E333-8FDC-42A3-9474-1A3956D46DE8}") = "Docker", "Docker", "{30D519E5-FDCC-4D75-B05A-6EA59BB954BD}"
EndProject
Project("{2150E333-8FDC-42A3-9474-1A3956D46DE8}") = "ConsoleForTest", "ConsoleForTest", "{8CE13E4E-6848-4D34-AAF5-72D1470EBCE7}"
EndProject
Project("{9A19103F-16F7-4668-BE54-9A1E7A4F7556}") = "ConsoleApp1", "ConsoleApp1\ConsoleApp1.csproj", "{0F037414-E6D7-472F-B947-C106FAFD2042}"
EndProject
Project("{FAE04EC0-301F-11D3-BF4B-00C04F79EFBC}") = "CacheSample", "CacheSample\CacheSample.csproj", "{257B04BF-5481-408C-B75E-40447DDB2C6C}"
EndProject
Global
	GlobalSection(SolutionConfigurationPlatforms) = preSolution
		Debug|Any CPU = Debug|Any CPU
		Release|Any CPU = Release|Any CPU
	EndGlobalSection
	GlobalSection(ProjectConfigurationPlatforms) = postSolution
		{618644D3-D733-4ADC-8AF7-06439FA63F62}.Debug|Any CPU.ActiveCfg = Debug|Any CPU
		{618644D3-D733-4ADC-8AF7-06439FA63F62}.Debug|Any CPU.Build.0 = Debug|Any CPU
		{618644D3-D733-4ADC-8AF7-06439FA63F62}.Release|Any CPU.ActiveCfg = Release|Any CPU
		{618644D3-D733-4ADC-8AF7-06439FA63F62}.Release|Any CPU.Build.0 = Release|Any CPU
		{BE8BE125-C0D5-4262-B812-E68D33D3F631}.Debug|Any CPU.ActiveCfg = Debug|Any CPU
		{BE8BE125-C0D5-4262-B812-E68D33D3F631}.Debug|Any CPU.Build.0 = Debug|Any CPU
		{BE8BE125-C0D5-4262-B812-E68D33D3F631}.Release|Any CPU.ActiveCfg = Release|Any CPU
		{BE8BE125-C0D5-4262-B812-E68D33D3F631}.Release|Any CPU.Build.0 = Release|Any CPU
		{8AEA41A5-4EC9-4EF0-AAAA-A5D82DF2D908}.Debug|Any CPU.ActiveCfg = Debug|Any CPU
		{8AEA41A5-4EC9-4EF0-AAAA-A5D82DF2D908}.Debug|Any CPU.Build.0 = Debug|Any CPU
		{8AEA41A5-4EC9-4EF0-AAAA-A5D82DF2D908}.Release|Any CPU.ActiveCfg = Release|Any CPU
		{8AEA41A5-4EC9-4EF0-AAAA-A5D82DF2D908}.Release|Any CPU.Build.0 = Release|Any CPU
		{30CC0158-8ABA-4F16-BEAB-8BFB51B21170}.Debug|Any CPU.ActiveCfg = Debug|Any CPU
		{30CC0158-8ABA-4F16-BEAB-8BFB51B21170}.Debug|Any CPU.Build.0 = Debug|Any CPU
		{30CC0158-8ABA-4F16-BEAB-8BFB51B21170}.Release|Any CPU.ActiveCfg = Release|Any CPU
		{30CC0158-8ABA-4F16-BEAB-8BFB51B21170}.Release|Any CPU.Build.0 = Release|Any CPU
		{CE9B2D3E-E557-4C73-A3A9-85C339596EBF}.Debug|Any CPU.ActiveCfg = Debug|Any CPU
		{CE9B2D3E-E557-4C73-A3A9-85C339596EBF}.Debug|Any CPU.Build.0 = Debug|Any CPU
		{CE9B2D3E-E557-4C73-A3A9-85C339596EBF}.Release|Any CPU.ActiveCfg = Release|Any CPU
		{CE9B2D3E-E557-4C73-A3A9-85C339596EBF}.Release|Any CPU.Build.0 = Release|Any CPU
		{A528B312-C570-47BD-B028-62F27E16FF55}.Debug|Any CPU.ActiveCfg = Debug|Any CPU
		{A528B312-C570-47BD-B028-62F27E16FF55}.Debug|Any CPU.Build.0 = Debug|Any CPU
		{A528B312-C570-47BD-B028-62F27E16FF55}.Release|Any CPU.ActiveCfg = Release|Any CPU
		{A528B312-C570-47BD-B028-62F27E16FF55}.Release|Any CPU.Build.0 = Release|Any CPU
		{5DDD8B0A-3E78-4176-96B3-A8B80BB1D8AC}.Debug|Any CPU.ActiveCfg = Debug|Any CPU
		{5DDD8B0A-3E78-4176-96B3-A8B80BB1D8AC}.Debug|Any CPU.Build.0 = Debug|Any CPU
		{5DDD8B0A-3E78-4176-96B3-A8B80BB1D8AC}.Release|Any CPU.ActiveCfg = Release|Any CPU
		{5DDD8B0A-3E78-4176-96B3-A8B80BB1D8AC}.Release|Any CPU.Build.0 = Release|Any CPU
		{262C62B9-F8CF-4768-B866-90468AED87CA}.Debug|Any CPU.ActiveCfg = Debug|Any CPU
		{262C62B9-F8CF-4768-B866-90468AED87CA}.Debug|Any CPU.Build.0 = Debug|Any CPU
		{262C62B9-F8CF-4768-B866-90468AED87CA}.Release|Any CPU.ActiveCfg = Release|Any CPU
		{262C62B9-F8CF-4768-B866-90468AED87CA}.Release|Any CPU.Build.0 = Release|Any CPU
		{E6952F22-6E33-49EF-A327-E908CAA976E4}.Debug|Any CPU.ActiveCfg = Debug|Any CPU
		{E6952F22-6E33-49EF-A327-E908CAA976E4}.Debug|Any CPU.Build.0 = Debug|Any CPU
		{E6952F22-6E33-49EF-A327-E908CAA976E4}.Release|Any CPU.ActiveCfg = Release|Any CPU
		{E6952F22-6E33-49EF-A327-E908CAA976E4}.Release|Any CPU.Build.0 = Release|Any CPU
		{86BF213E-9ADC-4CDC-BA1F-14171BBE94E4}.Debug|Any CPU.ActiveCfg = Debug|Any CPU
		{86BF213E-9ADC-4CDC-BA1F-14171BBE94E4}.Debug|Any CPU.Build.0 = Debug|Any CPU
		{86BF213E-9ADC-4CDC-BA1F-14171BBE94E4}.Release|Any CPU.ActiveCfg = Release|Any CPU
		{86BF213E-9ADC-4CDC-BA1F-14171BBE94E4}.Release|Any CPU.Build.0 = Release|Any CPU
		{51436148-121F-4453-B10D-B1F27141BDD7}.Debug|Any CPU.ActiveCfg = Debug|Any CPU
		{51436148-121F-4453-B10D-B1F27141BDD7}.Debug|Any CPU.Build.0 = Debug|Any CPU
		{51436148-121F-4453-B10D-B1F27141BDD7}.Release|Any CPU.ActiveCfg = Release|Any CPU
		{51436148-121F-4453-B10D-B1F27141BDD7}.Release|Any CPU.Build.0 = Release|Any CPU
		{3FC3D318-2702-4BB9-8C1E-5B4A3FBAC530}.Debug|Any CPU.ActiveCfg = Debug|Any CPU
		{3FC3D318-2702-4BB9-8C1E-5B4A3FBAC530}.Debug|Any CPU.Build.0 = Debug|Any CPU
		{3FC3D318-2702-4BB9-8C1E-5B4A3FBAC530}.Release|Any CPU.ActiveCfg = Release|Any CPU
		{3FC3D318-2702-4BB9-8C1E-5B4A3FBAC530}.Release|Any CPU.Build.0 = Release|Any CPU
		{98197251-ED80-4122-834E-1F112ABFF1E6}.Debug|Any CPU.ActiveCfg = Debug|Any CPU
		{98197251-ED80-4122-834E-1F112ABFF1E6}.Debug|Any CPU.Build.0 = Debug|Any CPU
		{98197251-ED80-4122-834E-1F112ABFF1E6}.Release|Any CPU.ActiveCfg = Release|Any CPU
		{98197251-ED80-4122-834E-1F112ABFF1E6}.Release|Any CPU.Build.0 = Release|Any CPU
		{65F6DD97-8A8F-4B73-8B35-56F9D3E90197}.Debug|Any CPU.ActiveCfg = Debug|Any CPU
		{65F6DD97-8A8F-4B73-8B35-56F9D3E90197}.Debug|Any CPU.Build.0 = Debug|Any CPU
		{65F6DD97-8A8F-4B73-8B35-56F9D3E90197}.Release|Any CPU.ActiveCfg = Release|Any CPU
		{65F6DD97-8A8F-4B73-8B35-56F9D3E90197}.Release|Any CPU.Build.0 = Release|Any CPU
		{624FD460-257F-45CA-AC3A-653E056E2964}.Debug|Any CPU.ActiveCfg = Debug|Any CPU
		{624FD460-257F-45CA-AC3A-653E056E2964}.Debug|Any CPU.Build.0 = Debug|Any CPU
		{624FD460-257F-45CA-AC3A-653E056E2964}.Release|Any CPU.ActiveCfg = Release|Any CPU
		{624FD460-257F-45CA-AC3A-653E056E2964}.Release|Any CPU.Build.0 = Release|Any CPU
		{982EC3D4-C568-4BAC-88FA-70C945D889A2}.Debug|Any CPU.ActiveCfg = Debug|Any CPU
		{982EC3D4-C568-4BAC-88FA-70C945D889A2}.Debug|Any CPU.Build.0 = Debug|Any CPU
		{982EC3D4-C568-4BAC-88FA-70C945D889A2}.Release|Any CPU.ActiveCfg = Release|Any CPU
		{982EC3D4-C568-4BAC-88FA-70C945D889A2}.Release|Any CPU.Build.0 = Release|Any CPU
		{6802909E-0B81-42B0-A1CB-85BDCC2C73A8}.Debug|Any CPU.ActiveCfg = Debug|Any CPU
		{6802909E-0B81-42B0-A1CB-85BDCC2C73A8}.Debug|Any CPU.Build.0 = Debug|Any CPU
		{6802909E-0B81-42B0-A1CB-85BDCC2C73A8}.Release|Any CPU.ActiveCfg = Release|Any CPU
		{6802909E-0B81-42B0-A1CB-85BDCC2C73A8}.Release|Any CPU.Build.0 = Release|Any CPU
		{91CAAD2F-30B6-4A73-B32B-88F46C8500E0}.Debug|Any CPU.ActiveCfg = Debug|Any CPU
		{91CAAD2F-30B6-4A73-B32B-88F46C8500E0}.Debug|Any CPU.Build.0 = Debug|Any CPU
		{91CAAD2F-30B6-4A73-B32B-88F46C8500E0}.Release|Any CPU.ActiveCfg = Release|Any CPU
		{91CAAD2F-30B6-4A73-B32B-88F46C8500E0}.Release|Any CPU.Build.0 = Release|Any CPU
		{97B01BAD-B517-4327-AB6F-C30682A4A1C2}.Debug|Any CPU.ActiveCfg = Debug|Any CPU
		{97B01BAD-B517-4327-AB6F-C30682A4A1C2}.Debug|Any CPU.Build.0 = Debug|Any CPU
		{97B01BAD-B517-4327-AB6F-C30682A4A1C2}.Release|Any CPU.ActiveCfg = Release|Any CPU
		{97B01BAD-B517-4327-AB6F-C30682A4A1C2}.Release|Any CPU.Build.0 = Release|Any CPU
		{4AEDC3AB-BF52-457D-A237-18F178370018}.Debug|Any CPU.ActiveCfg = Debug|Any CPU
		{4AEDC3AB-BF52-457D-A237-18F178370018}.Debug|Any CPU.Build.0 = Debug|Any CPU
		{4AEDC3AB-BF52-457D-A237-18F178370018}.Release|Any CPU.ActiveCfg = Release|Any CPU
		{4AEDC3AB-BF52-457D-A237-18F178370018}.Release|Any CPU.Build.0 = Release|Any CPU
		{7FC2D43F-77EE-4F05-988F-0F1693FD8DCB}.Debug|Any CPU.ActiveCfg = Debug|Any CPU
		{7FC2D43F-77EE-4F05-988F-0F1693FD8DCB}.Debug|Any CPU.Build.0 = Debug|Any CPU
		{7FC2D43F-77EE-4F05-988F-0F1693FD8DCB}.Release|Any CPU.ActiveCfg = Release|Any CPU
		{7FC2D43F-77EE-4F05-988F-0F1693FD8DCB}.Release|Any CPU.Build.0 = Release|Any CPU
		{C6391EE8-275F-4EC3-8D1B-4B1146332E5F}.Debug|Any CPU.ActiveCfg = Debug|Any CPU
		{C6391EE8-275F-4EC3-8D1B-4B1146332E5F}.Debug|Any CPU.Build.0 = Debug|Any CPU
		{C6391EE8-275F-4EC3-8D1B-4B1146332E5F}.Release|Any CPU.ActiveCfg = Release|Any CPU
		{C6391EE8-275F-4EC3-8D1B-4B1146332E5F}.Release|Any CPU.Build.0 = Release|Any CPU
		{DDA1E4E0-4371-4900-AA8B-68E305789B06}.Debug|Any CPU.ActiveCfg = Debug|Any CPU
		{DDA1E4E0-4371-4900-AA8B-68E305789B06}.Debug|Any CPU.Build.0 = Debug|Any CPU
		{DDA1E4E0-4371-4900-AA8B-68E305789B06}.Release|Any CPU.ActiveCfg = Release|Any CPU
		{DDA1E4E0-4371-4900-AA8B-68E305789B06}.Release|Any CPU.Build.0 = Release|Any CPU
		{80BE3A19-1DF9-4C44-A625-69F0B62E09FE}.Debug|Any CPU.ActiveCfg = Debug|Any CPU
		{80BE3A19-1DF9-4C44-A625-69F0B62E09FE}.Debug|Any CPU.Build.0 = Debug|Any CPU
		{80BE3A19-1DF9-4C44-A625-69F0B62E09FE}.Release|Any CPU.ActiveCfg = Release|Any CPU
		{80BE3A19-1DF9-4C44-A625-69F0B62E09FE}.Release|Any CPU.Build.0 = Release|Any CPU
		{0F037414-E6D7-472F-B947-C106FAFD2042}.Debug|Any CPU.ActiveCfg = Debug|Any CPU
		{0F037414-E6D7-472F-B947-C106FAFD2042}.Debug|Any CPU.Build.0 = Debug|Any CPU
		{0F037414-E6D7-472F-B947-C106FAFD2042}.Release|Any CPU.ActiveCfg = Release|Any CPU
		{0F037414-E6D7-472F-B947-C106FAFD2042}.Release|Any CPU.Build.0 = Release|Any CPU
		{257B04BF-5481-408C-B75E-40447DDB2C6C}.Debug|Any CPU.ActiveCfg = Debug|Any CPU
		{257B04BF-5481-408C-B75E-40447DDB2C6C}.Debug|Any CPU.Build.0 = Debug|Any CPU
		{257B04BF-5481-408C-B75E-40447DDB2C6C}.Release|Any CPU.ActiveCfg = Release|Any CPU
		{257B04BF-5481-408C-B75E-40447DDB2C6C}.Release|Any CPU.Build.0 = Release|Any CPU
	EndGlobalSection
	GlobalSection(SolutionProperties) = preSolution
		HideSolutionNode = FALSE
	EndGlobalSection
	GlobalSection(NestedProjects) = preSolution
		{618644D3-D733-4ADC-8AF7-06439FA63F62} = {C90B5170-7251-4E42-A4B1-708F38B2F8EA}
		{51436148-121F-4453-B10D-B1F27141BDD7} = {AD27AC8F-41B7-4B38-8CF8-20EB38BCF310}
		{3FC3D318-2702-4BB9-8C1E-5B4A3FBAC530} = {AD27AC8F-41B7-4B38-8CF8-20EB38BCF310}
		{98197251-ED80-4122-834E-1F112ABFF1E6} = {AD27AC8F-41B7-4B38-8CF8-20EB38BCF310}
		{65F6DD97-8A8F-4B73-8B35-56F9D3E90197} = {AD27AC8F-41B7-4B38-8CF8-20EB38BCF310}
		{97B01BAD-B517-4327-AB6F-C30682A4A1C2} = {1677E3B0-7523-430A-9FF0-2A9FF46889B5}
		{4AEDC3AB-BF52-457D-A237-18F178370018} = {1677E3B0-7523-430A-9FF0-2A9FF46889B5}
		{7FC2D43F-77EE-4F05-988F-0F1693FD8DCB} = {C90B5170-7251-4E42-A4B1-708F38B2F8EA}
		{C6391EE8-275F-4EC3-8D1B-4B1146332E5F} = {152CC3E7-188A-4E31-A418-E865E3E50569}
		{DDA1E4E0-4371-4900-AA8B-68E305789B06} = {152CC3E7-188A-4E31-A418-E865E3E50569}
		{80BE3A19-1DF9-4C44-A625-69F0B62E09FE} = {30D519E5-FDCC-4D75-B05A-6EA59BB954BD}
		{0F037414-E6D7-472F-B947-C106FAFD2042} = {8CE13E4E-6848-4D34-AAF5-72D1470EBCE7}
	EndGlobalSection
	GlobalSection(ExtensibilityGlobals) = postSolution
		SolutionGuid = {2C6261AB-338D-43D7-A796-615168E0D4A4}
	EndGlobalSection
EndGlobal
